// !$*UTF8*$!
{
	archiveVersion = 1;
	classes = {
	};
	objectVersion = 50;
	objects = {

/* Begin PBXBuildFile section */
		9534B36324FE647200DCA07D /* PhotoAlbumViewController.swift in Sources */ = {isa = PBXBuildFile; fileRef = 9534B36224FE647200DCA07D /* PhotoAlbumViewController.swift */; };
		9534B36524FE6C2E00DCA07D /* PictureCell.swift in Sources */ = {isa = PBXBuildFile; fileRef = 9534B36424FE6C2E00DCA07D /* PictureCell.swift */; };
		9534B36924FEA04A00DCA07D /* FlickrAPIRequest.swift in Sources */ = {isa = PBXBuildFile; fileRef = 9534B36824FEA04A00DCA07D /* FlickrAPIRequest.swift */; };
		9534B36B24FEA36000DCA07D /* Images.swift in Sources */ = {isa = PBXBuildFile; fileRef = 9534B36A24FEA36000DCA07D /* Images.swift */; };
		9534B36D24FFBC4B00DCA07D /* PhotoAlbumController + CollectionView.swift in Sources */ = {isa = PBXBuildFile; fileRef = 9534B36C24FFBC4B00DCA07D /* PhotoAlbumController + CollectionView.swift */; };
		956A8ABA24F7F4E7003A5E30 /* AppDelegate.swift in Sources */ = {isa = PBXBuildFile; fileRef = 956A8AB924F7F4E7003A5E30 /* AppDelegate.swift */; };
		956A8ABE24F7F4E7003A5E30 /* TravelLocationsMapViewController.swift in Sources */ = {isa = PBXBuildFile; fileRef = 956A8ABD24F7F4E7003A5E30 /* TravelLocationsMapViewController.swift */; };
		956A8AC124F7F4E7003A5E30 /* Main.storyboard in Resources */ = {isa = PBXBuildFile; fileRef = 956A8ABF24F7F4E7003A5E30 /* Main.storyboard */; };
		956A8AC324F7F4E9003A5E30 /* Assets.xcassets in Resources */ = {isa = PBXBuildFile; fileRef = 956A8AC224F7F4E9003A5E30 /* Assets.xcassets */; };
		956A8AC624F7F4E9003A5E30 /* LaunchScreen.storyboard in Resources */ = {isa = PBXBuildFile; fileRef = 956A8AC424F7F4E9003A5E30 /* LaunchScreen.storyboard */; };
		956A8ACE24F80869003A5E30 /* UIColor+theme.swift in Sources */ = {isa = PBXBuildFile; fileRef = 956A8ACD24F80869003A5E30 /* UIColor+theme.swift */; };
		956A8AD524F809BE003A5E30 /* UIViewController+Helpers.swift in Sources */ = {isa = PBXBuildFile; fileRef = 956A8AD424F809BE003A5E30 /* UIViewController+Helpers.swift */; };
		956A8AD824F84472003A5E30 /* VirtualTouristModel.xcdatamodeld in Sources */ = {isa = PBXBuildFile; fileRef = 956A8AD624F84472003A5E30 /* VirtualTouristModel.xcdatamodeld */; };
		956A8ADA24F8F663003A5E30 /* Pin.swift in Sources */ = {isa = PBXBuildFile; fileRef = 956A8AD924F8F663003A5E30 /* Pin.swift */; };
		956A8ADC24F945CC003A5E30 /* CoreDataManager.swift in Sources */ = {isa = PBXBuildFile; fileRef = 956A8ADB24F945CC003A5E30 /* CoreDataManager.swift */; };
		956A8ADE24F945E9003A5E30 /* NetworkManager.swift in Sources */ = {isa = PBXBuildFile; fileRef = 956A8ADD24F945E9003A5E30 /* NetworkManager.swift */; };
/* End PBXBuildFile section */

/* Begin PBXFileReference section */
		9534B36224FE647200DCA07D /* PhotoAlbumViewController.swift */ = {isa = PBXFileReference; lastKnownFileType = sourcecode.swift; path = PhotoAlbumViewController.swift; sourceTree = "<group>"; };
		9534B36424FE6C2E00DCA07D /* PictureCell.swift */ = {isa = PBXFileReference; lastKnownFileType = sourcecode.swift; path = PictureCell.swift; sourceTree = "<group>"; };
		9534B36824FEA04A00DCA07D /* FlickrAPIRequest.swift */ = {isa = PBXFileReference; lastKnownFileType = sourcecode.swift; path = FlickrAPIRequest.swift; sourceTree = "<group>"; };
		9534B36A24FEA36000DCA07D /* Images.swift */ = {isa = PBXFileReference; lastKnownFileType = sourcecode.swift; path = Images.swift; sourceTree = "<group>"; };
		9534B36C24FFBC4B00DCA07D /* PhotoAlbumController + CollectionView.swift */ = {isa = PBXFileReference; lastKnownFileType = sourcecode.swift; path = "PhotoAlbumController + CollectionView.swift"; sourceTree = "<group>"; };
		956A8AB624F7F4E7003A5E30 /* VirtualTourist.app */ = {isa = PBXFileReference; explicitFileType = wrapper.application; includeInIndex = 0; path = VirtualTourist.app; sourceTree = BUILT_PRODUCTS_DIR; };
		956A8AB924F7F4E7003A5E30 /* AppDelegate.swift */ = {isa = PBXFileReference; lastKnownFileType = sourcecode.swift; path = AppDelegate.swift; sourceTree = "<group>"; };
		956A8ABD24F7F4E7003A5E30 /* TravelLocationsMapViewController.swift */ = {isa = PBXFileReference; lastKnownFileType = sourcecode.swift; path = TravelLocationsMapViewController.swift; sourceTree = "<group>"; };
		956A8AC024F7F4E7003A5E30 /* Base */ = {isa = PBXFileReference; lastKnownFileType = file.storyboard; name = Base; path = Base.lproj/Main.storyboard; sourceTree = "<group>"; };
		956A8AC224F7F4E9003A5E30 /* Assets.xcassets */ = {isa = PBXFileReference; lastKnownFileType = folder.assetcatalog; path = Assets.xcassets; sourceTree = "<group>"; };
		956A8AC524F7F4E9003A5E30 /* Base */ = {isa = PBXFileReference; lastKnownFileType = file.storyboard; name = Base; path = Base.lproj/LaunchScreen.storyboard; sourceTree = "<group>"; };
		956A8AC724F7F4E9003A5E30 /* Info.plist */ = {isa = PBXFileReference; lastKnownFileType = text.plist.xml; path = Info.plist; sourceTree = "<group>"; };
		956A8ACD24F80869003A5E30 /* UIColor+theme.swift */ = {isa = PBXFileReference; lastKnownFileType = sourcecode.swift; path = "UIColor+theme.swift"; sourceTree = "<group>"; };
		956A8AD424F809BE003A5E30 /* UIViewController+Helpers.swift */ = {isa = PBXFileReference; lastKnownFileType = sourcecode.swift; path = "UIViewController+Helpers.swift"; sourceTree = "<group>"; };
		956A8AD724F84472003A5E30 /* VirtualTouristModel.xcdatamodel */ = {isa = PBXFileReference; lastKnownFileType = wrapper.xcdatamodel; path = VirtualTouristModel.xcdatamodel; sourceTree = "<group>"; };
		956A8AD924F8F663003A5E30 /* Pin.swift */ = {isa = PBXFileReference; lastKnownFileType = sourcecode.swift; path = Pin.swift; sourceTree = "<group>"; };
		956A8ADB24F945CC003A5E30 /* CoreDataManager.swift */ = {isa = PBXFileReference; lastKnownFileType = sourcecode.swift; path = CoreDataManager.swift; sourceTree = "<group>"; };
		956A8ADD24F945E9003A5E30 /* NetworkManager.swift */ = {isa = PBXFileReference; lastKnownFileType = sourcecode.swift; path = NetworkManager.swift; sourceTree = "<group>"; };
/* End PBXFileReference section */

/* Begin PBXFrameworksBuildPhase section */
		956A8AB324F7F4E7003A5E30 /* Frameworks */ = {
			isa = PBXFrameworksBuildPhase;
			buildActionMask = 2147483647;
			files = (
			);
			runOnlyForDeploymentPostprocessing = 0;
		};
/* End PBXFrameworksBuildPhase section */

/* Begin PBXGroup section */
		956A8AAD24F7F4E7003A5E30 = {
			isa = PBXGroup;
			children = (
				956A8AB824F7F4E7003A5E30 /* VirtualTourist */,
				956A8AB724F7F4E7003A5E30 /* Products */,
			);
			sourceTree = "<group>";
		};
		956A8AB724F7F4E7003A5E30 /* Products */ = {
			isa = PBXGroup;
			children = (
				956A8AB624F7F4E7003A5E30 /* VirtualTourist.app */,
			);
			name = Products;
			sourceTree = "<group>";
		};
		956A8AB824F7F4E7003A5E30 /* VirtualTourist */ = {
			isa = PBXGroup;
			children = (
				956A8AB924F7F4E7003A5E30 /* AppDelegate.swift */,
				956A8AE224F9465A003A5E30 /* Helper */,
				956A8AE124F9464C003A5E30 /* Model */,
				956A8AE024F9463F003A5E30 /* Controller */,
				956A8ADF24F945F1003A5E30 /* Manager */,
				956A8AE324F94696003A5E30 /* View */,
				956A8AC724F7F4E9003A5E30 /* Info.plist */,
			);
			path = VirtualTourist;
			sourceTree = "<group>";
		};
		956A8ADF24F945F1003A5E30 /* Manager */ = {
			isa = PBXGroup;
			children = (
				956A8ADD24F945E9003A5E30 /* NetworkManager.swift */,
				956A8ADB24F945CC003A5E30 /* CoreDataManager.swift */,
				9534B36824FEA04A00DCA07D /* FlickrAPIRequest.swift */,
			);
			name = Manager;
			sourceTree = "<group>";
		};
		956A8AE024F9463F003A5E30 /* Controller */ = {
			isa = PBXGroup;
			children = (
				956A8ABD24F7F4E7003A5E30 /* TravelLocationsMapViewController.swift */,
				9534B36224FE647200DCA07D /* PhotoAlbumViewController.swift */,
				9534B36C24FFBC4B00DCA07D /* PhotoAlbumController + CollectionView.swift */,
				9534B36424FE6C2E00DCA07D /* PictureCell.swift */,
			);
			name = Controller;
			sourceTree = "<group>";
		};
		956A8AE124F9464C003A5E30 /* Model */ = {
			isa = PBXGroup;
			children = (
				956A8AD924F8F663003A5E30 /* Pin.swift */,
				9534B36A24FEA36000DCA07D /* Images.swift */,
				956A8AD624F84472003A5E30 /* VirtualTouristModel.xcdatamodeld */,
			);
			name = Model;
			sourceTree = "<group>";
		};
		956A8AE224F9465A003A5E30 /* Helper */ = {
			isa = PBXGroup;
			children = (
				956A8ACD24F80869003A5E30 /* UIColor+theme.swift */,
				956A8AD424F809BE003A5E30 /* UIViewController+Helpers.swift */,
			);
			name = Helper;
			sourceTree = "<group>";
		};
		956A8AE324F94696003A5E30 /* View */ = {
			isa = PBXGroup;
			children = (
				956A8ABF24F7F4E7003A5E30 /* Main.storyboard */,
				956A8AC424F7F4E9003A5E30 /* LaunchScreen.storyboard */,
				956A8AC224F7F4E9003A5E30 /* Assets.xcassets */,
			);
			name = View;
			sourceTree = "<group>";
		};
/* End PBXGroup section */

/* Begin PBXNativeTarget section */
		956A8AB524F7F4E7003A5E30 /* VirtualTourist */ = {
			isa = PBXNativeTarget;
			buildConfigurationList = 956A8ACA24F7F4E9003A5E30 /* Build configuration list for PBXNativeTarget "VirtualTourist" */;
			buildPhases = (
				956A8AB224F7F4E7003A5E30 /* Sources */,
				956A8AB324F7F4E7003A5E30 /* Frameworks */,
				956A8AB424F7F4E7003A5E30 /* Resources */,
			);
			buildRules = (
			);
			dependencies = (
			);
			name = VirtualTourist;
			productName = VirtualTourist;
			productReference = 956A8AB624F7F4E7003A5E30 /* VirtualTourist.app */;
			productType = "com.apple.product-type.application";
		};
/* End PBXNativeTarget section */

/* Begin PBXProject section */
		956A8AAE24F7F4E7003A5E30 /* Project object */ = {
			isa = PBXProject;
			attributes = {
				LastSwiftUpdateCheck = 1160;
				LastUpgradeCheck = 1160;
				ORGANIZATIONNAME = "Heiner Bruß";
				TargetAttributes = {
					956A8AB524F7F4E7003A5E30 = {
						CreatedOnToolsVersion = 11.6;
					};
				};
			};
			buildConfigurationList = 956A8AB124F7F4E7003A5E30 /* Build configuration list for PBXProject "VirtualTourist" */;
			compatibilityVersion = "Xcode 9.3";
			developmentRegion = en;
			hasScannedForEncodings = 0;
			knownRegions = (
				en,
				Base,
			);
			mainGroup = 956A8AAD24F7F4E7003A5E30;
			productRefGroup = 956A8AB724F7F4E7003A5E30 /* Products */;
			projectDirPath = "";
			projectRoot = "";
			targets = (
				956A8AB524F7F4E7003A5E30 /* VirtualTourist */,
			);
		};
/* End PBXProject section */

/* Begin PBXResourcesBuildPhase section */
		956A8AB424F7F4E7003A5E30 /* Resources */ = {
			isa = PBXResourcesBuildPhase;
			buildActionMask = 2147483647;
			files = (
				956A8AC624F7F4E9003A5E30 /* LaunchScreen.storyboard in Resources */,
				956A8AC324F7F4E9003A5E30 /* Assets.xcassets in Resources */,
				956A8AC124F7F4E7003A5E30 /* Main.storyboard in Resources */,
			);
			runOnlyForDeploymentPostprocessing = 0;
		};
/* End PBXResourcesBuildPhase section */

/* Begin PBXSourcesBuildPhase section */
		956A8AB224F7F4E7003A5E30 /* Sources */ = {
			isa = PBXSourcesBuildPhase;
			buildActionMask = 2147483647;
			files = (
				956A8ACE24F80869003A5E30 /* UIColor+theme.swift in Sources */,
				9534B36B24FEA36000DCA07D /* Images.swift in Sources */,
				956A8ADE24F945E9003A5E30 /* NetworkManager.swift in Sources */,
				9534B36524FE6C2E00DCA07D /* PictureCell.swift in Sources */,
				9534B36924FEA04A00DCA07D /* FlickrAPIRequest.swift in Sources */,
				9534B36324FE647200DCA07D /* PhotoAlbumViewController.swift in Sources */,
				956A8ABE24F7F4E7003A5E30 /* TravelLocationsMapViewController.swift in Sources */,
				956A8ADA24F8F663003A5E30 /* Pin.swift in Sources */,
				956A8AD524F809BE003A5E30 /* UIViewController+Helpers.swift in Sources */,
				956A8ADC24F945CC003A5E30 /* CoreDataManager.swift in Sources */,
				9534B36D24FFBC4B00DCA07D /* PhotoAlbumController + CollectionView.swift in Sources */,
				956A8ABA24F7F4E7003A5E30 /* AppDelegate.swift in Sources */,
				956A8AD824F84472003A5E30 /* VirtualTouristModel.xcdatamodeld in Sources */,
			);
			runOnlyForDeploymentPostprocessing = 0;
		};
/* End PBXSourcesBuildPhase section */

/* Begin PBXVariantGroup section */
		956A8ABF24F7F4E7003A5E30 /* Main.storyboard */ = {
			isa = PBXVariantGroup;
			children = (
				956A8AC024F7F4E7003A5E30 /* Base */,
			);
			name = Main.storyboard;
			sourceTree = "<group>";
		};
		956A8AC424F7F4E9003A5E30 /* LaunchScreen.storyboard */ = {
			isa = PBXVariantGroup;
			children = (
				956A8AC524F7F4E9003A5E30 /* Base */,
			);
			name = LaunchScreen.storyboard;
			sourceTree = "<group>";
		};
/* End PBXVariantGroup section */

/* Begin XCBuildConfiguration section */
		956A8AC824F7F4E9003A5E30 /* Debug */ = {
			isa = XCBuildConfiguration;
			buildSettings = {
				ALWAYS_SEARCH_USER_PATHS = NO;
				CLANG_ANALYZER_NONNULL = YES;
				CLANG_ANALYZER_NUMBER_OBJECT_CONVERSION = YES_AGGRESSIVE;
				CLANG_CXX_LANGUAGE_STANDARD = "gnu++14";
				CLANG_CXX_LIBRARY = "libc++";
				CLANG_ENABLE_MODULES = YES;
				CLANG_ENABLE_OBJC_ARC = YES;
				CLANG_ENABLE_OBJC_WEAK = YES;
				CLANG_WARN_BLOCK_CAPTURE_AUTORELEASING = YES;
				CLANG_WARN_BOOL_CONVERSION = YES;
				CLANG_WARN_COMMA = YES;
				CLANG_WARN_CONSTANT_CONVERSION = YES;
				CLANG_WARN_DEPRECATED_OBJC_IMPLEMENTATIONS = YES;
				CLANG_WARN_DIRECT_OBJC_ISA_USAGE = YES_ERROR;
				CLANG_WARN_DOCUMENTATION_COMMENTS = YES;
				CLANG_WARN_EMPTY_BODY = YES;
				CLANG_WARN_ENUM_CONVERSION = YES;
				CLANG_WARN_INFINITE_RECURSION = YES;
				CLANG_WARN_INT_CONVERSION = YES;
				CLANG_WARN_NON_LITERAL_NULL_CONVERSION = YES;
				CLANG_WARN_OBJC_IMPLICIT_RETAIN_SELF = YES;
				CLANG_WARN_OBJC_LITERAL_CONVERSION = YES;
				CLANG_WARN_OBJC_ROOT_CLASS = YES_ERROR;
				CLANG_WARN_RANGE_LOOP_ANALYSIS = YES;
				CLANG_WARN_STRICT_PROTOTYPES = YES;
				CLANG_WARN_SUSPICIOUS_MOVE = YES;
				CLANG_WARN_UNGUARDED_AVAILABILITY = YES_AGGRESSIVE;
				CLANG_WARN_UNREACHABLE_CODE = YES;
				CLANG_WARN__DUPLICATE_METHOD_MATCH = YES;
				COPY_PHASE_STRIP = NO;
				DEBUG_INFORMATION_FORMAT = dwarf;
				ENABLE_STRICT_OBJC_MSGSEND = YES;
				ENABLE_TESTABILITY = YES;
				GCC_C_LANGUAGE_STANDARD = gnu11;
				GCC_DYNAMIC_NO_PIC = NO;
				GCC_NO_COMMON_BLOCKS = YES;
				GCC_OPTIMIZATION_LEVEL = 0;
				GCC_PREPROCESSOR_DEFINITIONS = (
					"DEBUG=1",
					"$(inherited)",
				);
				GCC_WARN_64_TO_32_BIT_CONVERSION = YES;
				GCC_WARN_ABOUT_RETURN_TYPE = YES_ERROR;
				GCC_WARN_UNDECLARED_SELECTOR = YES;
				GCC_WARN_UNINITIALIZED_AUTOS = YES_AGGRESSIVE;
				GCC_WARN_UNUSED_FUNCTION = YES;
				GCC_WARN_UNUSED_VARIABLE = YES;
				IPHONEOS_DEPLOYMENT_TARGET = 13.6;
				MTL_ENABLE_DEBUG_INFO = INCLUDE_SOURCE;
				MTL_FAST_MATH = YES;
				ONLY_ACTIVE_ARCH = YES;
				SDKROOT = iphoneos;
				SWIFT_ACTIVE_COMPILATION_CONDITIONS = DEBUG;
				SWIFT_OPTIMIZATION_LEVEL = "-Onone";
			};
			name = Debug;
		};
		956A8AC924F7F4E9003A5E30 /* Release */ = {
			isa = XCBuildConfiguration;
			buildSettings = {
				ALWAYS_SEARCH_USER_PATHS = NO;
				CLANG_ANALYZER_NONNULL = YES;
				CLANG_ANALYZER_NUMBER_OBJECT_CONVERSION = YES_AGGRESSIVE;
				CLANG_CXX_LANGUAGE_STANDARD = "gnu++14";
				CLANG_CXX_LIBRARY = "libc++";
				CLANG_ENABLE_MODULES = YES;
				CLANG_ENABLE_OBJC_ARC = YES;
				CLANG_ENABLE_OBJC_WEAK = YES;
				CLANG_WARN_BLOCK_CAPTURE_AUTORELEASING = YES;
				CLANG_WARN_BOOL_CONVERSION = YES;
				CLANG_WARN_COMMA = YES;
				CLANG_WARN_CONSTANT_CONVERSION = YES;
				CLANG_WARN_DEPRECATED_OBJC_IMPLEMENTATIONS = YES;
				CLANG_WARN_DIRECT_OBJC_ISA_USAGE = YES_ERROR;
				CLANG_WARN_DOCUMENTATION_COMMENTS = YES;
				CLANG_WARN_EMPTY_BODY = YES;
				CLANG_WARN_ENUM_CONVERSION = YES;
				CLANG_WARN_INFINITE_RECURSION = YES;
				CLANG_WARN_INT_CONVERSION = YES;
				CLANG_WARN_NON_LITERAL_NULL_CONVERSION = YES;
				CLANG_WARN_OBJC_IMPLICIT_RETAIN_SELF = YES;
				CLANG_WARN_OBJC_LITERAL_CONVERSION = YES;
				CLANG_WARN_OBJC_ROOT_CLASS = YES_ERROR;
				CLANG_WARN_RANGE_LOOP_ANALYSIS = YES;
				CLANG_WARN_STRICT_PROTOTYPES = YES;
				CLANG_WARN_SUSPICIOUS_MOVE = YES;
				CLANG_WARN_UNGUARDED_AVAILABILITY = YES_AGGRESSIVE;
				CLANG_WARN_UNREACHABLE_CODE = YES;
				CLANG_WARN__DUPLICATE_METHOD_MATCH = YES;
				COPY_PHASE_STRIP = NO;
				DEBUG_INFORMATION_FORMAT = "dwarf-with-dsym";
				ENABLE_NS_ASSERTIONS = NO;
				ENABLE_STRICT_OBJC_MSGSEND = YES;
				GCC_C_LANGUAGE_STANDARD = gnu11;
				GCC_NO_COMMON_BLOCKS = YES;
				GCC_WARN_64_TO_32_BIT_CONVERSION = YES;
				GCC_WARN_ABOUT_RETURN_TYPE = YES_ERROR;
				GCC_WARN_UNDECLARED_SELECTOR = YES;
				GCC_WARN_UNINITIALIZED_AUTOS = YES_AGGRESSIVE;
				GCC_WARN_UNUSED_FUNCTION = YES;
				GCC_WARN_UNUSED_VARIABLE = YES;
				IPHONEOS_DEPLOYMENT_TARGET = 13.6;
				MTL_ENABLE_DEBUG_INFO = NO;
				MTL_FAST_MATH = YES;
				SDKROOT = iphoneos;
				SWIFT_COMPILATION_MODE = wholemodule;
				SWIFT_OPTIMIZATION_LEVEL = "-O";
				VALIDATE_PRODUCT = YES;
			};
			name = Release;
		};
		956A8ACB24F7F4E9003A5E30 /* Debug */ = {
			isa = XCBuildConfiguration;
			buildSettings = {
				ASSETCATALOG_COMPILER_APPICON_NAME = AppIcon;
				CODE_SIGN_STYLE = Automatic;
				DEVELOPMENT_TEAM = SGAHDZJZ9E;
				INFOPLIST_FILE = VirtualTourist/Info.plist;
				LD_RUNPATH_SEARCH_PATHS = (
					"$(inherited)",
					"@executable_path/Frameworks",
				);
				PRODUCT_BUNDLE_IDENTIFIER = brussdesign.VirtualTourist;
				PRODUCT_NAME = "$(TARGET_NAME)";
				SWIFT_VERSION = 5.0;
				TARGETED_DEVICE_FAMILY = "1,2";
			};
			name = Debug;
		};
		956A8ACC24F7F4E9003A5E30 /* Release */ = {
			isa = XCBuildConfiguration;
			buildSettings = {
				ASSETCATALOG_COMPILER_APPICON_NAME = AppIcon;
				CODE_SIGN_STYLE = Automatic;
				DEVELOPMENT_TEAM = SGAHDZJZ9E;
				INFOPLIST_FILE = VirtualTourist/Info.plist;
				LD_RUNPATH_SEARCH_PATHS = (
					"$(inherited)",
					"@executable_path/Frameworks",
				);
				PRODUCT_BUNDLE_IDENTIFIER = brussdesign.VirtualTourist;
				PRODUCT_NAME = "$(TARGET_NAME)";
				SWIFT_VERSION = 5.0;
				TARGETED_DEVICE_FAMILY = "1,2";
			};
			name = Release;
		};
/* End XCBuildConfiguration section */

/* Begin XCConfigurationList section */
		956A8AB124F7F4E7003A5E30 /* Build configuration list for PBXProject "VirtualTourist" */ = {
			isa = XCConfigurationList;
			buildConfigurations = (
				956A8AC824F7F4E9003A5E30 /* Debug */,
				956A8AC924F7F4E9003A5E30 /* Release */,
			);
			defaultConfigurationIsVisible = 0;
			defaultConfigurationName = Release;
		};
		956A8ACA24F7F4E9003A5E30 /* Build configuration list for PBXNativeTarget "VirtualTourist" */ = {
			isa = XCConfigurationList;
			buildConfigurations = (
				956A8ACB24F7F4E9003A5E30 /* Debug */,
				956A8ACC24F7F4E9003A5E30 /* Release */,
			);
			defaultConfigurationIsVisible = 0;
			defaultConfigurationName = Release;
		};
/* End XCConfigurationList section */

/* Begin XCVersionGroup section */
		956A8AD624F84472003A5E30 /* VirtualTouristModel.xcdatamodeld */ = {
			isa = XCVersionGroup;
			children = (
				956A8AD724F84472003A5E30 /* VirtualTouristModel.xcdatamodel */,
			);
			currentVersion = 956A8AD724F84472003A5E30 /* VirtualTouristModel.xcdatamodel */;
			path = VirtualTouristModel.xcdatamodeld;
			sourceTree = "<group>";
			versionGroupType = wrapper.xcdatamodel;
		};
/* End XCVersionGroup section */
	};
	rootObject = 956A8AAE24F7F4E7003A5E30 /* Project object */;
}
